
Microsoft Visual Studio Solution File, Format Version 12.00
# Visual Studio Version 16
VisualStudioVersion = 16.0.31729.503
MinimumVisualStudioVersion = 10.0.40219.1
Project("{FAE04EC0-301F-11D3-BF4B-00C04F79EFBC}") = "SmartLib", "SmartLib.csproj", "{AD979441-E49A-429B-AFA2-A8D24D8C71FB}"
EndProject
Project("{FAE04EC0-301F-11D3-BF4B-00C04F79EFBC}") = "SmartLibApp", "..\SmartLibApp\SmartLibApp.csproj", "{F8946033-D285-4C42-BEA3-2874EDE6A341}"
EndProject
Global
	GlobalSection(SolutionConfigurationPlatforms) = preSolution
		Debug|Any CPU = Debug|Any CPU
		Release|Any CPU = Release|Any CPU
	EndGlobalSection
	GlobalSection(ProjectConfigurationPlatforms) = postSolution
		{AD979441-E49A-429B-AFA2-A8D24D8C71FB}.Debug|Any CPU.ActiveCfg = Debug|Any CPU
		{AD979441-E49A-429B-AFA2-A8D24D8C71FB}.Debug|Any CPU.Build.0 = Debug|Any CPU
		{AD979441-E49A-429B-AFA2-A8D24D8C71FB}.Release|Any CPU.ActiveCfg = Release|Any CPU
		{AD979441-E49A-429B-AFA2-A8D24D8C71FB}.Release|Any CPU.Build.0 = Release|Any CPU
		{F8946033-D285-4C42-BEA3-2874EDE6A341}.Debug|Any CPU.ActiveCfg = Debug|Any CPU
		{F8946033-D285-4C42-BEA3-2874EDE6A341}.Debug|Any CPU.Build.0 = Debug|Any CPU
		{F8946033-D285-4C42-BEA3-2874EDE6A341}.Release|Any CPU.ActiveCfg = Release|Any CPU
		{F8946033-D285-4C42-BEA3-2874EDE6A341}.Release|Any CPU.Build.0 = Release|Any CPU
	EndGlobalSection
	GlobalSection(SolutionProperties) = preSolution
		HideSolutionNode = FALSE
	EndGlobalSection
	GlobalSection(ExtensibilityGlobals) = postSolution
		SolutionGuid = {B378F755-82B1-4134-B546-1B8BC25AE60C}
	EndGlobalSection
EndGlobal
